
Microsoft Visual Studio Solution File, Format Version 12.00
# Visual Studio Version 16
VisualStudioVersion = 16.0.31112.23
MinimumVisualStudioVersion = 10.0.40219.1
Project("{FAE04EC0-301F-11D3-BF4B-00C04F79EFBC}") = "CourseLibrary.API", "CourseLibrary.API\CourseLibrary.API.csproj", "{3F4893B7-E5B5-4730-A718-58FD8C4AFF67}"
EndProject
Global
	GlobalSection(SolutionConfigurationPlatforms) = preSolution
		Debug|Any CPU = Debug|Any CPU
		Release|Any CPU = Release|Any CPU
	EndGlobalSection
	GlobalSection(ProjectConfigurationPlatforms) = postSolution
		{3F4893B7-E5B5-4730-A718-58FD8C4AFF67}.Debug|Any CPU.ActiveCfg = Debug|Any CPU
		{3F4893B7-E5B5-4730-A718-58FD8C4AFF67}.Debug|Any CPU.Build.0 = Debug|Any CPU
		{3F4893B7-E5B5-4730-A718-58FD8C4AFF67}.Release|Any CPU.ActiveCfg = Release|Any CPU
		{3F4893B7-E5B5-4730-A718-58FD8C4AFF67}.Release|Any CPU.Build.0 = Release|Any CPU
	EndGlobalSection
	GlobalSection(SolutionProperties) = preSolution
		HideSolutionNode = FALSE
	EndGlobalSection
	GlobalSection(ExtensibilityGlobals) = postSolution
		SolutionGuid = {1EB566C9-9845-45B4-8794-6E7572886811}
	EndGlobalSection
EndGlobal
